
Microsoft Visual Studio Solution File, Format Version 12.00
Project("{FAE04EC0-301F-11D3-BF4B-00C04F79EFBC}") = "Demo-OnlineShop", "Demo-OnlineShop.csproj", "{17CE37AC-5377-4984-A5EA-FE19A28B552A}"
EndProject
Global
	GlobalSection(SolutionConfigurationPlatforms) = preSolution
		Debug|Any CPU = Debug|Any CPU
		Release|Any CPU = Release|Any CPU
	EndGlobalSection
	GlobalSection(ProjectConfigurationPlatforms) = postSolution
		{17CE37AC-5377-4984-A5EA-FE19A28B552A}.Debug|Any CPU.ActiveCfg = Debug|Any CPU
		{17CE37AC-5377-4984-A5EA-FE19A28B552A}.Debug|Any CPU.Build.0 = Debug|Any CPU
		{17CE37AC-5377-4984-A5EA-FE19A28B552A}.Release|Any CPU.ActiveCfg = Release|Any CPU
		{17CE37AC-5377-4984-A5EA-FE19A28B552A}.Release|Any CPU.Build.0 = Release|Any CPU
	EndGlobalSection
EndGlobal
